// !$*UTF8*$!
{
	archiveVersion = 1;
	classes = {
	};
	objectVersion = 46;
	objects = {

/* Begin PBXBuildFile section */
		657D20E11492396D003BC229 /* Cocoa.framework in Frameworks */ = {isa = PBXBuildFile; fileRef = 657D20E01492396D003BC229 /* Cocoa.framework */; };
		657D20EB1492396D003BC229 /* InfoPlist.strings in Resources */ = {isa = PBXBuildFile; fileRef = 657D20E91492396D003BC229 /* InfoPlist.strings */; };
		657D20EF1492396D003BC229 /* SockMuxReceiver.m in Sources */ = {isa = PBXBuildFile; fileRef = 657D20EE1492396D003BC229 /* SockMuxReceiver.m */; };
		657D211114923A82003BC229 /* protocol.h in Headers */ = {isa = PBXBuildFile; fileRef = 657D211014923A82003BC229 /* protocol.h */; settings = {ATTRIBUTES = (); }; };
		65F5824614924654009F6EAD /* SockMuxSender.h in Headers */ = {isa = PBXBuildFile; fileRef = 65F5824414924654009F6EAD /* SockMuxSender.h */; settings = {ATTRIBUTES = (Public, ); }; };
		65F5824714924654009F6EAD /* SockMuxSender.m in Sources */ = {isa = PBXBuildFile; fileRef = 65F5824514924654009F6EAD /* SockMuxSender.m */; };
		65F582A71492567A009F6EAD /* Foundation.framework in Frameworks */ = {isa = PBXBuildFile; fileRef = 65F5826614924CC7009F6EAD /* Foundation.framework */; };
		65F582B1149256B5009F6EAD /* SockMuxReceiver.m in Sources */ = {isa = PBXBuildFile; fileRef = 657D20EE1492396D003BC229 /* SockMuxReceiver.m */; };
		65F582B2149256B8009F6EAD /* SockMuxSender.m in Sources */ = {isa = PBXBuildFile; fileRef = 65F5824514924654009F6EAD /* SockMuxSender.m */; };
		65F582B814925A45009F6EAD /* protocol.h in Headers */ = {isa = PBXBuildFile; fileRef = 657D211014923A82003BC229 /* protocol.h */; settings = {ATTRIBUTES = (); }; };
		65F582B914925A82009F6EAD /* SockMuxReceiver.h in Headers */ = {isa = PBXBuildFile; fileRef = 657D20ED1492396D003BC229 /* SockMuxReceiver.h */; settings = {ATTRIBUTES = (Public, ); }; };
		65F582BA14925A92009F6EAD /* SockMuxReceiver.h in Headers */ = {isa = PBXBuildFile; fileRef = 657D20ED1492396D003BC229 /* SockMuxReceiver.h */; settings = {ATTRIBUTES = (Public, ); }; };
		65F582BB14925A95009F6EAD /* SockMuxSender.h in Headers */ = {isa = PBXBuildFile; fileRef = 65F5824414924654009F6EAD /* SockMuxSender.h */; settings = {ATTRIBUTES = (Public, ); }; };
/* End PBXBuildFile section */

/* Begin PBXFileReference section */
		657D20DD1492396D003BC229 /* SockMux.framework */ = {isa = PBXFileReference; explicitFileType = wrapper.framework; includeInIndex = 0; path = SockMux.framework; sourceTree = BUILT_PRODUCTS_DIR; };
		657D20E01492396D003BC229 /* Cocoa.framework */ = {isa = PBXFileReference; lastKnownFileType = wrapper.framework; name = Cocoa.framework; path = System/Library/Frameworks/Cocoa.framework; sourceTree = SDKROOT; };
		657D20E31492396D003BC229 /* AppKit.framework */ = {isa = PBXFileReference; lastKnownFileType = wrapper.framework; name = AppKit.framework; path = System/Library/Frameworks/AppKit.framework; sourceTree = SDKROOT; };
		657D20E41492396D003BC229 /* CoreData.framework */ = {isa = PBXFileReference; lastKnownFileType = wrapper.framework; name = CoreData.framework; path = System/Library/Frameworks/CoreData.framework; sourceTree = SDKROOT; };
		657D20E51492396D003BC229 /* Foundation.framework */ = {isa = PBXFileReference; lastKnownFileType = wrapper.framework; name = Foundation.framework; path = System/Library/Frameworks/Foundation.framework; sourceTree = SDKROOT; };
		657D20E81492396D003BC229 /* SockMux-Info.plist */ = {isa = PBXFileReference; lastKnownFileType = text.plist.xml; path = "SockMux-Info.plist"; sourceTree = "<group>"; };
		657D20EA1492396D003BC229 /* en */ = {isa = PBXFileReference; lastKnownFileType = text.plist.strings; name = en; path = en.lproj/InfoPlist.strings; sourceTree = "<group>"; };
		657D20EC1492396D003BC229 /* SockMux-Prefix.pch */ = {isa = PBXFileReference; lastKnownFileType = sourcecode.c.h; path = "SockMux-Prefix.pch"; sourceTree = "<group>"; };
		657D20ED1492396D003BC229 /* SockMuxReceiver.h */ = {isa = PBXFileReference; lastKnownFileType = sourcecode.c.h; path = SockMuxReceiver.h; sourceTree = "<group>"; };
		657D20EE1492396D003BC229 /* SockMuxReceiver.m */ = {isa = PBXFileReference; lastKnownFileType = sourcecode.c.objc; path = SockMuxReceiver.m; sourceTree = "<group>"; };
		657D211014923A82003BC229 /* protocol.h */ = {isa = PBXFileReference; fileEncoding = 4; lastKnownFileType = sourcecode.c.h; path = protocol.h; sourceTree = "<group>"; };
		65F5824414924654009F6EAD /* SockMuxSender.h */ = {isa = PBXFileReference; fileEncoding = 4; lastKnownFileType = sourcecode.c.h; path = SockMuxSender.h; sourceTree = "<group>"; };
		65F5824514924654009F6EAD /* SockMuxSender.m */ = {isa = PBXFileReference; fileEncoding = 4; lastKnownFileType = sourcecode.c.objc; path = SockMuxSender.m; sourceTree = "<group>"; };
		65F5825514924C96009F6EAD /* CoreFoundation.framework */ = {isa = PBXFileReference; lastKnownFileType = wrapper.framework; name = CoreFoundation.framework; path = System/Library/Frameworks/CoreFoundation.framework; sourceTree = SDKROOT; };
		65F5826614924CC7009F6EAD /* Foundation.framework */ = {isa = PBXFileReference; lastKnownFileType = wrapper.framework; name = Foundation.framework; path = System/Library/Frameworks/Foundation.framework; sourceTree = SDKROOT; };
		65F582A614925679009F6EAD /* libSockMux.a */ = {isa = PBXFileReference; explicitFileType = archive.ar; includeInIndex = 0; path = libSockMux.a; sourceTree = BUILT_PRODUCTS_DIR; };
/* End PBXFileReference section */

/* Begin PBXFrameworksBuildPhase section */
		657D20D91492396D003BC229 /* Frameworks */ = {
			isa = PBXFrameworksBuildPhase;
			buildActionMask = 2147483647;
			files = (
				657D20E11492396D003BC229 /* Cocoa.framework in Frameworks */,
			);
			runOnlyForDeploymentPostprocessing = 0;
		};
		65F582A314925679009F6EAD /* Frameworks */ = {
			isa = PBXFrameworksBuildPhase;
			buildActionMask = 2147483647;
			files = (
				65F582A71492567A009F6EAD /* Foundation.framework in Frameworks */,
			);
			runOnlyForDeploymentPostprocessing = 0;
		};
/* End PBXFrameworksBuildPhase section */

/* Begin PBXGroup section */
		657D20D11492396D003BC229 = {
			isa = PBXGroup;
			children = (
				657D20E61492396D003BC229 /* SockMux */,
				657D20DF1492396D003BC229 /* Frameworks */,
				657D20DE1492396D003BC229 /* Products */,
			);
			sourceTree = "<group>";
		};
		657D20DE1492396D003BC229 /* Products */ = {
			isa = PBXGroup;
			children = (
				657D20DD1492396D003BC229 /* SockMux.framework */,
				65F582A614925679009F6EAD /* libSockMux.a */,
			);
			name = Products;
			sourceTree = "<group>";
		};
		657D20DF1492396D003BC229 /* Frameworks */ = {
			isa = PBXGroup;
			children = (
				657D20E01492396D003BC229 /* Cocoa.framework */,
				65F5825514924C96009F6EAD /* CoreFoundation.framework */,
				65F5826614924CC7009F6EAD /* Foundation.framework */,
				657D20E21492396D003BC229 /* Other Frameworks */,
			);
			name = Frameworks;
			sourceTree = "<group>";
		};
		657D20E21492396D003BC229 /* Other Frameworks */ = {
			isa = PBXGroup;
			children = (
				657D20E31492396D003BC229 /* AppKit.framework */,
				657D20E41492396D003BC229 /* CoreData.framework */,
				657D20E51492396D003BC229 /* Foundation.framework */,
			);
			name = "Other Frameworks";
			sourceTree = "<group>";
		};
		657D20E61492396D003BC229 /* SockMux */ = {
			isa = PBXGroup;
			children = (
				657D20ED1492396D003BC229 /* SockMuxReceiver.h */,
				657D20EE1492396D003BC229 /* SockMuxReceiver.m */,
				65F5824414924654009F6EAD /* SockMuxSender.h */,
				65F5824514924654009F6EAD /* SockMuxSender.m */,
				657D20E71492396D003BC229 /* Supporting Files */,
				657D211014923A82003BC229 /* protocol.h */,
			);
			path = SockMux;
			sourceTree = "<group>";
		};
		657D20E71492396D003BC229 /* Supporting Files */ = {
			isa = PBXGroup;
			children = (
				657D20E81492396D003BC229 /* SockMux-Info.plist */,
				657D20E91492396D003BC229 /* InfoPlist.strings */,
				657D20EC1492396D003BC229 /* SockMux-Prefix.pch */,
			);
			name = "Supporting Files";
			sourceTree = "<group>";
		};
/* End PBXGroup section */

/* Begin PBXHeadersBuildPhase section */
		657D20DA1492396D003BC229 /* Headers */ = {
			isa = PBXHeadersBuildPhase;
			buildActionMask = 2147483647;
			files = (
				65F582B914925A82009F6EAD /* SockMuxReceiver.h in Headers */,
				65F5824614924654009F6EAD /* SockMuxSender.h in Headers */,
				657D211114923A82003BC229 /* protocol.h in Headers */,
			);
			runOnlyForDeploymentPostprocessing = 0;
		};
		65F582A414925679009F6EAD /* Headers */ = {
			isa = PBXHeadersBuildPhase;
			buildActionMask = 2147483647;
			files = (
				65F582BA14925A92009F6EAD /* SockMuxReceiver.h in Headers */,
				65F582BB14925A95009F6EAD /* SockMuxSender.h in Headers */,
				65F582B814925A45009F6EAD /* protocol.h in Headers */,
			);
			runOnlyForDeploymentPostprocessing = 0;
		};
/* End PBXHeadersBuildPhase section */

/* Begin PBXNativeTarget section */
		657D20DC1492396D003BC229 /* SockMuxOSX */ = {
			isa = PBXNativeTarget;
			buildConfigurationList = 657D21071492396D003BC229 /* Build configuration list for PBXNativeTarget "SockMuxOSX" */;
			buildPhases = (
				657D20D81492396D003BC229 /* Sources */,
				657D20D91492396D003BC229 /* Frameworks */,
				657D20DA1492396D003BC229 /* Headers */,
				657D20DB1492396D003BC229 /* Resources */,
			);
			buildRules = (
			);
			dependencies = (
			);
			name = SockMuxOSX;
			productName = SockMux;
			productReference = 657D20DD1492396D003BC229 /* SockMux.framework */;
			productType = "com.apple.product-type.framework";
		};
		65F582A514925679009F6EAD /* SockMuxIOS */ = {
			isa = PBXNativeTarget;
			buildConfigurationList = 65F582AE1492567A009F6EAD /* Build configuration list for PBXNativeTarget "SockMuxIOS" */;
			buildPhases = (
				65F582A214925679009F6EAD /* Sources */,
				65F582A314925679009F6EAD /* Frameworks */,
				65F582A414925679009F6EAD /* Headers */,
			);
			buildRules = (
			);
			dependencies = (
			);
			name = SockMuxIOS;
			productName = SockMuxIOS;
			productReference = 65F582A614925679009F6EAD /* libSockMux.a */;
			productType = "com.apple.product-type.library.static";
		};
/* End PBXNativeTarget section */

/* Begin PBXProject section */
		657D20D31492396D003BC229 /* Project object */ = {
			isa = PBXProject;
			attributes = {
				LastUpgradeCheck = 0420;
				ORGANIZATIONNAME = caiaq;
			};
			buildConfigurationList = 657D20D61492396D003BC229 /* Build configuration list for PBXProject "SockMux" */;
			compatibilityVersion = "Xcode 3.2";
			developmentRegion = English;
			hasScannedForEncodings = 0;
			knownRegions = (
				en,
			);
			mainGroup = 657D20D11492396D003BC229;
			productRefGroup = 657D20DE1492396D003BC229 /* Products */;
			projectDirPath = "";
			projectRoot = "";
			targets = (
				657D20DC1492396D003BC229 /* SockMuxOSX */,
				65F582A514925679009F6EAD /* SockMuxIOS */,
			);
		};
/* End PBXProject section */

/* Begin PBXResourcesBuildPhase section */
		657D20DB1492396D003BC229 /* Resources */ = {
			isa = PBXResourcesBuildPhase;
			buildActionMask = 2147483647;
			files = (
				657D20EB1492396D003BC229 /* InfoPlist.strings in Resources */,
			);
			runOnlyForDeploymentPostprocessing = 0;
		};
/* End PBXResourcesBuildPhase section */

/* Begin PBXSourcesBuildPhase section */
		657D20D81492396D003BC229 /* Sources */ = {
			isa = PBXSourcesBuildPhase;
			buildActionMask = 2147483647;
			files = (
				657D20EF1492396D003BC229 /* SockMuxReceiver.m in Sources */,
				65F5824714924654009F6EAD /* SockMuxSender.m in Sources */,
			);
			runOnlyForDeploymentPostprocessing = 0;
		};
		65F582A214925679009F6EAD /* Sources */ = {
			isa = PBXSourcesBuildPhase;
			buildActionMask = 2147483647;
			files = (
				65F582B1149256B5009F6EAD /* SockMuxReceiver.m in Sources */,
				65F582B2149256B8009F6EAD /* SockMuxSender.m in Sources */,
			);
			runOnlyForDeploymentPostprocessing = 0;
		};
/* End PBXSourcesBuildPhase section */

/* Begin PBXVariantGroup section */
		657D20E91492396D003BC229 /* InfoPlist.strings */ = {
			isa = PBXVariantGroup;
			children = (
				657D20EA1492396D003BC229 /* en */,
			);
			name = InfoPlist.strings;
			sourceTree = "<group>";
		};
/* End PBXVariantGroup section */

/* Begin XCBuildConfiguration section */
		657D21051492396D003BC229 /* Debug */ = {
			isa = XCBuildConfiguration;
			buildSettings = {
				ALWAYS_SEARCH_USER_PATHS = NO;
				ARCHS = "$(ARCHS_STANDARD_64_BIT)";
				CLANG_ENABLE_OBJC_ARC = NO;
				COPY_PHASE_STRIP = NO;
				GCC_C_LANGUAGE_STANDARD = gnu99;
				GCC_DYNAMIC_NO_PIC = NO;
				GCC_ENABLE_OBJC_EXCEPTIONS = YES;
				GCC_OPTIMIZATION_LEVEL = 0;
				GCC_PREPROCESSOR_DEFINITIONS = (
					"DEBUG=1",
					"$(inherited)",
				);
				GCC_SYMBOLS_PRIVATE_EXTERN = NO;
				GCC_VERSION = com.apple.compilers.llvm.clang.1_0;
				GCC_WARN_64_TO_32_BIT_CONVERSION = YES;
				GCC_WARN_ABOUT_MISSING_PROTOTYPES = YES;
				GCC_WARN_ABOUT_RETURN_TYPE = YES;
				GCC_WARN_UNUSED_VARIABLE = YES;
				MACOSX_DEPLOYMENT_TARGET = 10.7;
				ONLY_ACTIVE_ARCH = YES;
				SDKROOT = macosx;
			};
			name = Debug;
		};
		657D21061492396D003BC229 /* Release */ = {
			isa = XCBuildConfiguration;
			buildSettings = {
				ALWAYS_SEARCH_USER_PATHS = NO;
				ARCHS = "$(ARCHS_STANDARD_64_BIT)";
				CLANG_ENABLE_OBJC_ARC = NO;
				COPY_PHASE_STRIP = YES;
				DEBUG_INFORMATION_FORMAT = "dwarf-with-dsym";
				GCC_C_LANGUAGE_STANDARD = gnu99;
				GCC_ENABLE_OBJC_EXCEPTIONS = YES;
				GCC_VERSION = com.apple.compilers.llvm.clang.1_0;
				GCC_WARN_64_TO_32_BIT_CONVERSION = YES;
				GCC_WARN_ABOUT_MISSING_PROTOTYPES = YES;
				GCC_WARN_ABOUT_RETURN_TYPE = YES;
				GCC_WARN_UNUSED_VARIABLE = YES;
				MACOSX_DEPLOYMENT_TARGET = 10.7;
				SDKROOT = macosx;
			};
			name = Release;
		};
		657D21081492396D003BC229 /* Debug */ = {
			isa = XCBuildConfiguration;
			buildSettings = {
				ARCHS = "$(ARCHS_STANDARD_32_64_BIT)";
				CLANG_ENABLE_OBJC_ARC = NO;
				DYLIB_COMPATIBILITY_VERSION = 1;
				DYLIB_CURRENT_VERSION = 1;
				FRAMEWORK_VERSION = A;
				GCC_ENABLE_OBJC_GC = supported;
				GCC_PRECOMPILE_PREFIX_HEADER = YES;
				GCC_PREFIX_HEADER = "SockMux/SockMux-Prefix.pch";
				INFOPLIST_FILE = "SockMux/SockMux-Info.plist";
				OTHER_CODE_SIGN_FLAGS = "i386 x86_64";
				PRODUCT_NAME = SockMux;
				SUPPORTED_PLATFORMS = macosx;
				WRAPPER_EXTENSION = framework;
			};
			name = Debug;
		};
		657D21091492396D003BC229 /* Release */ = {
			isa = XCBuildConfiguration;
			buildSettings = {
				ARCHS = "$(ARCHS_STANDARD_32_64_BIT)";
				CLANG_ENABLE_OBJC_ARC = NO;
				DYLIB_COMPATIBILITY_VERSION = 1;
				DYLIB_CURRENT_VERSION = 1;
				FRAMEWORK_VERSION = A;
				GCC_ENABLE_OBJC_GC = supported;
				GCC_PRECOMPILE_PREFIX_HEADER = YES;
				GCC_PREFIX_HEADER = "SockMux/SockMux-Prefix.pch";
				INFOPLIST_FILE = "SockMux/SockMux-Info.plist";
				OTHER_CODE_SIGN_FLAGS = "i386 x86_64";
				PRODUCT_NAME = SockMux;
				SUPPORTED_PLATFORMS = macosx;
				WRAPPER_EXTENSION = framework;
			};
			name = Release;
		};
		65F582AF1492567A009F6EAD /* Debug */ = {
			isa = XCBuildConfiguration;
			buildSettings = {
				ARCHS = "$(ARCHS_STANDARD_32_BIT)";
				DSTROOT = /tmp/SockMuxIOS.dst;
				GCC_PRECOMPILE_PREFIX_HEADER = YES;
				GCC_PREFIX_HEADER = "SockMux/SockMuxIOS-Prefix.pch";
				IPHONEOS_DEPLOYMENT_TARGET = 4.3;
				OTHER_LDFLAGS = "-ObjC";
				PRODUCT_NAME = SockMux;
				SDKROOT = iphoneos;
				SKIP_INSTALL = YES;
			};
			name = Debug;
		};
		65F582B01492567A009F6EAD /* Release */ = {
			isa = XCBuildConfiguration;
			buildSettings = {
				ARCHS = "$(ARCHS_STANDARD_32_BIT)";
				DSTROOT = /tmp/SockMuxIOS.dst;
				GCC_PRECOMPILE_PREFIX_HEADER = YES;
				GCC_PREFIX_HEADER = "SockMux/SockMuxIOS-Prefix.pch";
				IPHONEOS_DEPLOYMENT_TARGET = 4.3;
				OTHER_LDFLAGS = "-ObjC";
				PRODUCT_NAME = SockMux;
				SDKROOT = iphoneos;
				SKIP_INSTALL = YES;
				VALIDATE_PRODUCT = YES;
			};
			name = Release;
		};
/* End XCBuildConfiguration section */

/* Begin XCConfigurationList section */
		657D20D61492396D003BC229 /* Build configuration list for PBXProject "SockMux" */ = {
			isa = XCConfigurationList;
			buildConfigurations = (
				657D21051492396D003BC229 /* Debug */,
				657D21061492396D003BC229 /* Release */,
			);
			defaultConfigurationIsVisible = 0;
			defaultConfigurationName = Release;
		};
		657D21071492396D003BC229 /* Build configuration list for PBXNativeTarget "SockMuxOSX" */ = {
			isa = XCConfigurationList;
			buildConfigurations = (
				657D21081492396D003BC229 /* Debug */,
				657D21091492396D003BC229 /* Release */,
			);
			defaultConfigurationIsVisible = 0;
			defaultConfigurationName = Release;
		};
		65F582AE1492567A009F6EAD /* Build configuration list for PBXNativeTarget "SockMuxIOS" */ = {
			isa = XCConfigurationList;
			buildConfigurations = (
				65F582AF1492567A009F6EAD /* Debug */,
				65F582B01492567A009F6EAD /* Release */,
			);
			defaultConfigurationIsVisible = 0;
			defaultConfigurationName = Release;
		};
/* End XCConfigurationList section */
	};
	rootObject = 657D20D31492396D003BC229 /* Project object */;
}
